
Microsoft Visual Studio Solution File, Format Version 12.00
# Visual Studio Version 16
VisualStudioVersion = 16.0.30711.63
MinimumVisualStudioVersion = 10.0.40219.1
Project("{FAE04EC0-301F-11D3-BF4B-00C04F79EFBC}") = "TODOApp", "TODOApp\TODOApp.csproj", "{AC1F0FDA-9DF8-4487-AAF2-76DF04C3858E}"
EndProject
Global
	GlobalSection(SolutionConfigurationPlatforms) = preSolution
		Debug|Any CPU = Debug|Any CPU
		Release|Any CPU = Release|Any CPU
	EndGlobalSection
	GlobalSection(ProjectConfigurationPlatforms) = postSolution
		{AC1F0FDA-9DF8-4487-AAF2-76DF04C3858E}.Debug|Any CPU.ActiveCfg = Debug|Any CPU
		{AC1F0FDA-9DF8-4487-AAF2-76DF04C3858E}.Debug|Any CPU.Build.0 = Debug|Any CPU
		{AC1F0FDA-9DF8-4487-AAF2-76DF04C3858E}.Release|Any CPU.ActiveCfg = Release|Any CPU
		{AC1F0FDA-9DF8-4487-AAF2-76DF04C3858E}.Release|Any CPU.Build.0 = Release|Any CPU
	EndGlobalSection
	GlobalSection(SolutionProperties) = preSolution
		HideSolutionNode = FALSE
	EndGlobalSection
	GlobalSection(ExtensibilityGlobals) = postSolution
		SolutionGuid = {339F8D3A-D809-4F50-B9E0-1CF7B6BCAA5D}
	EndGlobalSection
EndGlobal
